
Microsoft Visual Studio Solution File, Format Version 12.00
# Visual Studio 2012
Project("{FAE04EC0-301F-11D3-BF4B-00C04F79EFBC}") = "CnC64FileConverter", "CnC64FileConverter.csproj", "{75423176-29BC-40D8-9D33-829E157F0824}"
EndProject
Project("{FAE04EC0-301F-11D3-BF4B-00C04F79EFBC}") = "IniHandler", "..\Nyerguds.Ini\IniHandler.csproj", "{925C0B51-E256-4A5C-8B01-F46AA90982D5}"
EndProject
Global
	GlobalSection(SolutionConfigurationPlatforms) = preSolution
		Debug|x86 = Debug|x86
		Release|x86 = Release|x86
	EndGlobalSection
	GlobalSection(ProjectConfigurationPlatforms) = postSolution
		{75423176-29BC-40D8-9D33-829E157F0824}.Debug|x86.ActiveCfg = Debug|x86
		{75423176-29BC-40D8-9D33-829E157F0824}.Debug|x86.Build.0 = Debug|x86
		{75423176-29BC-40D8-9D33-829E157F0824}.Release|x86.ActiveCfg = Release|x86
		{75423176-29BC-40D8-9D33-829E157F0824}.Release|x86.Build.0 = Release|x86
		{925C0B51-E256-4A5C-8B01-F46AA90982D5}.Debug|x86.ActiveCfg = Debug|x86
		{925C0B51-E256-4A5C-8B01-F46AA90982D5}.Debug|x86.Build.0 = Debug|x86
		{925C0B51-E256-4A5C-8B01-F46AA90982D5}.Release|x86.ActiveCfg = Release|x86
		{925C0B51-E256-4A5C-8B01-F46AA90982D5}.Release|x86.Build.0 = Release|x86
	EndGlobalSection
	GlobalSection(SolutionProperties) = preSolution
		HideSolutionNode = FALSE
	EndGlobalSection
EndGlobal
